
Microsoft Visual Studio Solution File, Format Version 12.00
Project("{2150E333-8FDC-42A3-9474-1A3956D46DE8}") = "src", "src", "{7CBAD1C6-3B47-4F91-AA7D-2E8F17DC7FCF}"
EndProject
Project("{2150E333-8FDC-42A3-9474-1A3956D46DE8}") = "tests", "tests", "{6F287DE9-7D4E-4F61-845E-B6E4E00ACC0E}"
EndProject
Project("{2150E333-8FDC-42A3-9474-1A3956D46DE8}") = "gateway", "gateway", "{C752D018-206B-4558-843F-47E99D42F279}"
EndProject
Project("{2150E333-8FDC-42A3-9474-1A3956D46DE8}") = "services", "services", "{4BFEF308-8267-4AC2-ADA5-D2B590AAE980}"
EndProject
Project("{2150E333-8FDC-42A3-9474-1A3956D46DE8}") = "building-blocks", "building-blocks", "{14E65510-1C1D-4B78-88D4-78E3910943F8}"
EndProject
Project("{2150E333-8FDC-42A3-9474-1A3956D46DE8}") = "AccountService", "AccountService", "{CE0F6B50-238E-4156-A80B-42A2FE523872}"
EndProject
Project("{2150E333-8FDC-42A3-9474-1A3956D46DE8}") = "BalanceService", "BalanceService", "{1358D5FB-14F2-4983-8C1D-56A076D39270}"
EndProject
Project("{2150E333-8FDC-42A3-9474-1A3956D46DE8}") = "TransactionService", "TransactionService", "{572BBC53-9CCC-476C-98CF-B75A072A80B5}"
EndProject
Project("{2150E333-8FDC-42A3-9474-1A3956D46DE8}") = "AntiFraudService", "AntiFraudService", "{0120289A-BED4-4CBE-AE0C-85733BD63407}"
EndProject
Project("{2150E333-8FDC-42A3-9474-1A3956D46DE8}") = "NotificationService", "NotificationService", "{5728DDC4-9DF2-4B49-A461-4414BAF99D22}"
EndProject
Project("{2150E333-8FDC-42A3-9474-1A3956D46DE8}") = "AuditService", "AuditService", "{0E3ED1E1-8469-484D-87D9-E4A676AB0F7C}"
EndProject
Project("{2150E333-8FDC-42A3-9474-1A3956D46DE8}") = "Integration", "Integration", "{8F136175-8F99-4DBE-A93C-165AF1F7A384}"
EndProject
Project("{2150E333-8FDC-42A3-9474-1A3956D46DE8}") = "Unit", "Unit", "{EEA42D87-BB4F-4187-BDD5-B8E6772A1B4F}"
EndProject
Project("{FAE04EC0-301F-11D3-BF4B-00C04F79EFBC}") = "Account.Api", "src\services\AccountService\Account.Api\Account.Api.csproj", "{780A0F82-F7F9-4BF0-977D-47E5C52FAA73}"
EndProject
Project("{FAE04EC0-301F-11D3-BF4B-00C04F79EFBC}") = "Account.Application", "src\services\AccountService\Account.Application\Account.Application.csproj", "{56A6C165-B868-4805-AF24-6FFA791C2F66}"
EndProject
Project("{FAE04EC0-301F-11D3-BF4B-00C04F79EFBC}") = "Account.Domain", "src\services\AccountService\Account.Domain\Account.Domain.csproj", "{F19ECEA5-BBC8-4341-9483-A80049FD74C2}"
EndProject
Project("{FAE04EC0-301F-11D3-BF4B-00C04F79EFBC}") = "Account.Infrastructure", "src\services\AccountService\Account.Infrastructure\Account.Infrastructure.csproj", "{CE188EEB-CCCA-4578-A6CE-4FC3992FC2CA}"
EndProject
Project("{FAE04EC0-301F-11D3-BF4B-00C04F79EFBC}") = "AntiFraud.Api", "src\services\AntiFraudService\AntiFraud.Api\AntiFraud.Api.csproj", "{F1CFCFA7-D011-4AD9-A5AA-8AA6CB914DD6}"
EndProject
Project("{FAE04EC0-301F-11D3-BF4B-00C04F79EFBC}") = "AntiFraud.Application", "src\services\AntiFraudService\AntiFraud.Application\AntiFraud.Application.csproj", "{7B0374D1-6069-4B6E-A15A-AEE54EEA3385}"
EndProject
Project("{FAE04EC0-301F-11D3-BF4B-00C04F79EFBC}") = "AntiFraud.Domain", "src\services\AntiFraudService\AntiFraud.Domain\AntiFraud.Domain.csproj", "{3C989D0A-C09B-463C-855F-603C7E57610B}"
EndProject
Project("{FAE04EC0-301F-11D3-BF4B-00C04F79EFBC}") = "AntiFraud.Infrastructure", "src\services\AntiFraudService\AntiFraud.Infrastructure\AntiFraud.Infrastructure.csproj", "{314EC4CB-7AC6-4F3E-8712-EC0B2B70EA92}"
EndProject
Project("{FAE04EC0-301F-11D3-BF4B-00C04F79EFBC}") = "Audit.Api", "src\services\AuditService\Audit.Api\Audit.Api.csproj", "{209B312C-7CDC-4DD8-BA59-34DA99FCA3DC}"
EndProject
Project("{FAE04EC0-301F-11D3-BF4B-00C04F79EFBC}") = "Audit.Domain", "src\services\AuditService\Audit.Domain\Audit.Domain.csproj", "{672DD909-3492-4233-8EB5-07F5505EDDB7}"
EndProject
Project("{FAE04EC0-301F-11D3-BF4B-00C04F79EFBC}") = "Audit.Infrastructure", "src\services\AuditService\Audit.Infrastructure\Audit.Infrastructure.csproj", "{FB589198-0CA7-4715-BCF1-870BE1329F6F}"
EndProject
Project("{FAE04EC0-301F-11D3-BF4B-00C04F79EFBC}") = "ApiGateway", "src\gateway\ApiGateway\ApiGateway.csproj", "{7C3E4E5B-BFB4-4D42-8F95-CD3F5D22350B}"
EndProject
Project("{FAE04EC0-301F-11D3-BF4B-00C04F79EFBC}") = "Common", "src\building-blocks\Common\Common.csproj", "{920B164E-A37A-41E2-B3D3-89B60F38F067}"
EndProject
Project("{FAE04EC0-301F-11D3-BF4B-00C04F79EFBC}") = "Domain", "src\building-blocks\Domain\Domain.csproj", "{9F0C660C-EA73-4DB1-B0A0-9B4E60FB94C0}"
EndProject
Project("{FAE04EC0-301F-11D3-BF4B-00C04F79EFBC}") = "Infrastructure", "src\building-blocks\Infrastructure\Infrastructure.csproj", "{AF437EB7-2967-4AFF-92F0-5993C0DE1136}"
EndProject
Project("{FAE04EC0-301F-11D3-BF4B-00C04F79EFBC}") = "Balance.Api", "src\services\BalanceService\Balance.Api\Balance.Api.csproj", "{224A4D7D-41B3-47A8-ADA2-763BA21AB61E}"
EndProject
Project("{FAE04EC0-301F-11D3-BF4B-00C04F79EFBC}") = "Balance.Application", "src\services\BalanceService\Balance.Application\Balance.Application.csproj", "{CD337AD4-8E58-4BD2-8FCD-F3C18A3B8E9E}"
EndProject
Project("{FAE04EC0-301F-11D3-BF4B-00C04F79EFBC}") = "Balance.Domain", "src\services\BalanceService\Balance.Domain\Balance.Domain.csproj", "{CBD5948C-09F1-41C9-AEC4-A6F29723EADB}"
EndProject
Project("{FAE04EC0-301F-11D3-BF4B-00C04F79EFBC}") = "Balance.Infrastructure", "src\services\BalanceService\Balance.Infrastructure\Balance.Infrastructure.csproj", "{E8606F1E-BCD8-4AC7-8E60-92411FADD355}"
EndProject
Project("{FAE04EC0-301F-11D3-BF4B-00C04F79EFBC}") = "Notification.Infrastructure", "src\services\NotificationService\Notification.Infrastructure\Notification.Infrastructure.csproj", "{436B1978-17B3-477D-ADD4-A95CB5F8E656}"
EndProject
Project("{FAE04EC0-301F-11D3-BF4B-00C04F79EFBC}") = "Notification.Worker", "src\services\NotificationService\Notification.Worker\Notification.Worker.csproj", "{174BC17D-ABBA-4C91-A5BF-37800B16EEC9}"
EndProject
Project("{FAE04EC0-301F-11D3-BF4B-00C04F79EFBC}") = "Transaction.Api", "src\services\TransactionService\Transaction.Api\Transaction.Api.csproj", "{C8DA85F0-4665-4213-B5F8-0741FD25E0F8}"
EndProject
Project("{FAE04EC0-301F-11D3-BF4B-00C04F79EFBC}") = "Transaction.Application", "src\services\TransactionService\Transaction.Application\Transaction.Application.csproj", "{02421F46-D351-4974-B5EE-3C8CDE19E7B1}"
EndProject
Project("{FAE04EC0-301F-11D3-BF4B-00C04F79EFBC}") = "Transaction.Domain", "src\services\TransactionService\Transaction.Domain\Transaction.Domain.csproj", "{0D2520F3-1080-4BC1-A063-1383B0BFFCD8}"
EndProject
Project("{FAE04EC0-301F-11D3-BF4B-00C04F79EFBC}") = "Transaction.Infrastructure", "src\services\TransactionService\Transaction.Infrastructure\Transaction.Infrastructure.csproj", "{BB33AB4F-B835-41A3-B30D-8DAB255BEAAC}"
EndProject
Project("{2150E333-8FDC-42A3-9474-1A3956D46DE8}") = "docker", "docker", "{1D071231-79AD-44F6-92A0-8BEB7B11C5AC}"
	ProjectSection(SolutionItems) = preProject
		docker\docker-compose.dev.yml = docker\docker-compose.dev.yml
		docker\docker-compose.infrastructure.yml = docker\docker-compose.infrastructure.yml
	EndProjectSection
EndProject
Project("{2150E333-8FDC-42A3-9474-1A3956D46DE8}") = "docs", "docs", "{61AEA8BD-B81D-45A6-A71B-BB039FA5610B}"
EndProject
Project("{2150E333-8FDC-42A3-9474-1A3956D46DE8}") = "kafka", "kafka", "{1B393E41-2597-4EAF-BACD-E3B1F998A300}"
EndProject
Project("{2150E333-8FDC-42A3-9474-1A3956D46DE8}") = "otel", "otel", "{7FBE9F6E-71B1-4C9B-A925-A9CD5E283DC8}"
EndProject
Project("{2150E333-8FDC-42A3-9474-1A3956D46DE8}") = "postgres", "postgres", "{4434F8F5-F703-47ED-9951-3AF2A7E6F55E}"
EndProject
Project("{2150E333-8FDC-42A3-9474-1A3956D46DE8}") = "redis", "redis", "{9D045500-A2C1-4CA2-8810-300A5D759165}"
EndProject
Project("{FAE04EC0-301F-11D3-BF4B-00C04F79EFBC}") = "Account.Tests", "tests\Unit\Account.Tests\Account.Tests.csproj", "{644DFFA9-FBBF-45FD-A375-B40E591CCA7C}"
EndProject
Global
	GlobalSection(SolutionConfigurationPlatforms) = preSolution
		Debug|Any CPU = Debug|Any CPU
		Release|Any CPU = Release|Any CPU
	EndGlobalSection
	GlobalSection(ProjectConfigurationPlatforms) = postSolution
		{780A0F82-F7F9-4BF0-977D-47E5C52FAA73}.Debug|Any CPU.ActiveCfg = Debug|Any CPU
		{780A0F82-F7F9-4BF0-977D-47E5C52FAA73}.Debug|Any CPU.Build.0 = Debug|Any CPU
		{780A0F82-F7F9-4BF0-977D-47E5C52FAA73}.Release|Any CPU.ActiveCfg = Release|Any CPU
		{780A0F82-F7F9-4BF0-977D-47E5C52FAA73}.Release|Any CPU.Build.0 = Release|Any CPU
		{56A6C165-B868-4805-AF24-6FFA791C2F66}.Debug|Any CPU.ActiveCfg = Debug|Any CPU
		{56A6C165-B868-4805-AF24-6FFA791C2F66}.Debug|Any CPU.Build.0 = Debug|Any CPU
		{56A6C165-B868-4805-AF24-6FFA791C2F66}.Release|Any CPU.ActiveCfg = Release|Any CPU
		{56A6C165-B868-4805-AF24-6FFA791C2F66}.Release|Any CPU.Build.0 = Release|Any CPU
		{F19ECEA5-BBC8-4341-9483-A80049FD74C2}.Debug|Any CPU.ActiveCfg = Debug|Any CPU
		{F19ECEA5-BBC8-4341-9483-A80049FD74C2}.Debug|Any CPU.Build.0 = Debug|Any CPU
		{F19ECEA5-BBC8-4341-9483-A80049FD74C2}.Release|Any CPU.ActiveCfg = Release|Any CPU
		{F19ECEA5-BBC8-4341-9483-A80049FD74C2}.Release|Any CPU.Build.0 = Release|Any CPU
		{CE188EEB-CCCA-4578-A6CE-4FC3992FC2CA}.Debug|Any CPU.ActiveCfg = Debug|Any CPU
		{CE188EEB-CCCA-4578-A6CE-4FC3992FC2CA}.Debug|Any CPU.Build.0 = Debug|Any CPU
		{CE188EEB-CCCA-4578-A6CE-4FC3992FC2CA}.Release|Any CPU.ActiveCfg = Release|Any CPU
		{CE188EEB-CCCA-4578-A6CE-4FC3992FC2CA}.Release|Any CPU.Build.0 = Release|Any CPU
		{F1CFCFA7-D011-4AD9-A5AA-8AA6CB914DD6}.Debug|Any CPU.ActiveCfg = Debug|Any CPU
		{F1CFCFA7-D011-4AD9-A5AA-8AA6CB914DD6}.Debug|Any CPU.Build.0 = Debug|Any CPU
		{F1CFCFA7-D011-4AD9-A5AA-8AA6CB914DD6}.Release|Any CPU.ActiveCfg = Release|Any CPU
		{F1CFCFA7-D011-4AD9-A5AA-8AA6CB914DD6}.Release|Any CPU.Build.0 = Release|Any CPU
		{7B0374D1-6069-4B6E-A15A-AEE54EEA3385}.Debug|Any CPU.ActiveCfg = Debug|Any CPU
		{7B0374D1-6069-4B6E-A15A-AEE54EEA3385}.Debug|Any CPU.Build.0 = Debug|Any CPU
		{7B0374D1-6069-4B6E-A15A-AEE54EEA3385}.Release|Any CPU.ActiveCfg = Release|Any CPU
		{7B0374D1-6069-4B6E-A15A-AEE54EEA3385}.Release|Any CPU.Build.0 = Release|Any CPU
		{3C989D0A-C09B-463C-855F-603C7E57610B}.Debug|Any CPU.ActiveCfg = Debug|Any CPU
		{3C989D0A-C09B-463C-855F-603C7E57610B}.Debug|Any CPU.Build.0 = Debug|Any CPU
		{3C989D0A-C09B-463C-855F-603C7E57610B}.Release|Any CPU.ActiveCfg = Release|Any CPU
		{3C989D0A-C09B-463C-855F-603C7E57610B}.Release|Any CPU.Build.0 = Release|Any CPU
		{314EC4CB-7AC6-4F3E-8712-EC0B2B70EA92}.Debug|Any CPU.ActiveCfg = Debug|Any CPU
		{314EC4CB-7AC6-4F3E-8712-EC0B2B70EA92}.Debug|Any CPU.Build.0 = Debug|Any CPU
		{314EC4CB-7AC6-4F3E-8712-EC0B2B70EA92}.Release|Any CPU.ActiveCfg = Release|Any CPU
		{314EC4CB-7AC6-4F3E-8712-EC0B2B70EA92}.Release|Any CPU.Build.0 = Release|Any CPU
		{209B312C-7CDC-4DD8-BA59-34DA99FCA3DC}.Debug|Any CPU.ActiveCfg = Debug|Any CPU
		{209B312C-7CDC-4DD8-BA59-34DA99FCA3DC}.Debug|Any CPU.Build.0 = Debug|Any CPU
		{209B312C-7CDC-4DD8-BA59-34DA99FCA3DC}.Release|Any CPU.ActiveCfg = Release|Any CPU
		{209B312C-7CDC-4DD8-BA59-34DA99FCA3DC}.Release|Any CPU.Build.0 = Release|Any CPU
		{672DD909-3492-4233-8EB5-07F5505EDDB7}.Debug|Any CPU.ActiveCfg = Debug|Any CPU
		{672DD909-3492-4233-8EB5-07F5505EDDB7}.Debug|Any CPU.Build.0 = Debug|Any CPU
		{672DD909-3492-4233-8EB5-07F5505EDDB7}.Release|Any CPU.ActiveCfg = Release|Any CPU
		{672DD909-3492-4233-8EB5-07F5505EDDB7}.Release|Any CPU.Build.0 = Release|Any CPU
		{FB589198-0CA7-4715-BCF1-870BE1329F6F}.Debug|Any CPU.ActiveCfg = Debug|Any CPU
		{FB589198-0CA7-4715-BCF1-870BE1329F6F}.Debug|Any CPU.Build.0 = Debug|Any CPU
		{FB589198-0CA7-4715-BCF1-870BE1329F6F}.Release|Any CPU.ActiveCfg = Release|Any CPU
		{FB589198-0CA7-4715-BCF1-870BE1329F6F}.Release|Any CPU.Build.0 = Release|Any CPU
		{7C3E4E5B-BFB4-4D42-8F95-CD3F5D22350B}.Debug|Any CPU.ActiveCfg = Debug|Any CPU
		{7C3E4E5B-BFB4-4D42-8F95-CD3F5D22350B}.Debug|Any CPU.Build.0 = Debug|Any CPU
		{7C3E4E5B-BFB4-4D42-8F95-CD3F5D22350B}.Release|Any CPU.ActiveCfg = Release|Any CPU
		{7C3E4E5B-BFB4-4D42-8F95-CD3F5D22350B}.Release|Any CPU.Build.0 = Release|Any CPU
		{920B164E-A37A-41E2-B3D3-89B60F38F067}.Debug|Any CPU.ActiveCfg = Debug|Any CPU
		{920B164E-A37A-41E2-B3D3-89B60F38F067}.Debug|Any CPU.Build.0 = Debug|Any CPU
		{920B164E-A37A-41E2-B3D3-89B60F38F067}.Release|Any CPU.ActiveCfg = Release|Any CPU
		{920B164E-A37A-41E2-B3D3-89B60F38F067}.Release|Any CPU.Build.0 = Release|Any CPU
		{9F0C660C-EA73-4DB1-B0A0-9B4E60FB94C0}.Debug|Any CPU.ActiveCfg = Debug|Any CPU
		{9F0C660C-EA73-4DB1-B0A0-9B4E60FB94C0}.Debug|Any CPU.Build.0 = Debug|Any CPU
		{9F0C660C-EA73-4DB1-B0A0-9B4E60FB94C0}.Release|Any CPU.ActiveCfg = Release|Any CPU
		{9F0C660C-EA73-4DB1-B0A0-9B4E60FB94C0}.Release|Any CPU.Build.0 = Release|Any CPU
		{AF437EB7-2967-4AFF-92F0-5993C0DE1136}.Debug|Any CPU.ActiveCfg = Debug|Any CPU
		{AF437EB7-2967-4AFF-92F0-5993C0DE1136}.Debug|Any CPU.Build.0 = Debug|Any CPU
		{AF437EB7-2967-4AFF-92F0-5993C0DE1136}.Release|Any CPU.ActiveCfg = Release|Any CPU
		{AF437EB7-2967-4AFF-92F0-5993C0DE1136}.Release|Any CPU.Build.0 = Release|Any CPU
		{224A4D7D-41B3-47A8-ADA2-763BA21AB61E}.Debug|Any CPU.ActiveCfg = Debug|Any CPU
		{224A4D7D-41B3-47A8-ADA2-763BA21AB61E}.Debug|Any CPU.Build.0 = Debug|Any CPU
		{224A4D7D-41B3-47A8-ADA2-763BA21AB61E}.Release|Any CPU.ActiveCfg = Release|Any CPU
		{224A4D7D-41B3-47A8-ADA2-763BA21AB61E}.Release|Any CPU.Build.0 = Release|Any CPU
		{CD337AD4-8E58-4BD2-8FCD-F3C18A3B8E9E}.Debug|Any CPU.ActiveCfg = Debug|Any CPU
		{CD337AD4-8E58-4BD2-8FCD-F3C18A3B8E9E}.Debug|Any CPU.Build.0 = Debug|Any CPU
		{CD337AD4-8E58-4BD2-8FCD-F3C18A3B8E9E}.Release|Any CPU.ActiveCfg = Release|Any CPU
		{CD337AD4-8E58-4BD2-8FCD-F3C18A3B8E9E}.Release|Any CPU.Build.0 = Release|Any CPU
		{CBD5948C-09F1-41C9-AEC4-A6F29723EADB}.Debug|Any CPU.ActiveCfg = Debug|Any CPU
		{CBD5948C-09F1-41C9-AEC4-A6F29723EADB}.Debug|Any CPU.Build.0 = Debug|Any CPU
		{CBD5948C-09F1-41C9-AEC4-A6F29723EADB}.Release|Any CPU.ActiveCfg = Release|Any CPU
		{CBD5948C-09F1-41C9-AEC4-A6F29723EADB}.Release|Any CPU.Build.0 = Release|Any CPU
		{E8606F1E-BCD8-4AC7-8E60-92411FADD355}.Debug|Any CPU.ActiveCfg = Debug|Any CPU
		{E8606F1E-BCD8-4AC7-8E60-92411FADD355}.Debug|Any CPU.Build.0 = Debug|Any CPU
		{E8606F1E-BCD8-4AC7-8E60-92411FADD355}.Release|Any CPU.ActiveCfg = Release|Any CPU
		{E8606F1E-BCD8-4AC7-8E60-92411FADD355}.Release|Any CPU.Build.0 = Release|Any CPU
		{436B1978-17B3-477D-ADD4-A95CB5F8E656}.Debug|Any CPU.ActiveCfg = Debug|Any CPU
		{436B1978-17B3-477D-ADD4-A95CB5F8E656}.Debug|Any CPU.Build.0 = Debug|Any CPU
		{436B1978-17B3-477D-ADD4-A95CB5F8E656}.Release|Any CPU.ActiveCfg = Release|Any CPU
		{436B1978-17B3-477D-ADD4-A95CB5F8E656}.Release|Any CPU.Build.0 = Release|Any CPU
		{174BC17D-ABBA-4C91-A5BF-37800B16EEC9}.Debug|Any CPU.ActiveCfg = Debug|Any CPU
		{174BC17D-ABBA-4C91-A5BF-37800B16EEC9}.Debug|Any CPU.Build.0 = Debug|Any CPU
		{174BC17D-ABBA-4C91-A5BF-37800B16EEC9}.Release|Any CPU.ActiveCfg = Release|Any CPU
		{174BC17D-ABBA-4C91-A5BF-37800B16EEC9}.Release|Any CPU.Build.0 = Release|Any CPU
		{C8DA85F0-4665-4213-B5F8-0741FD25E0F8}.Debug|Any CPU.ActiveCfg = Debug|Any CPU
		{C8DA85F0-4665-4213-B5F8-0741FD25E0F8}.Debug|Any CPU.Build.0 = Debug|Any CPU
		{C8DA85F0-4665-4213-B5F8-0741FD25E0F8}.Release|Any CPU.ActiveCfg = Release|Any CPU
		{C8DA85F0-4665-4213-B5F8-0741FD25E0F8}.Release|Any CPU.Build.0 = Release|Any CPU
		{02421F46-D351-4974-B5EE-3C8CDE19E7B1}.Debug|Any CPU.ActiveCfg = Debug|Any CPU
		{02421F46-D351-4974-B5EE-3C8CDE19E7B1}.Debug|Any CPU.Build.0 = Debug|Any CPU
		{02421F46-D351-4974-B5EE-3C8CDE19E7B1}.Release|Any CPU.ActiveCfg = Release|Any CPU
		{02421F46-D351-4974-B5EE-3C8CDE19E7B1}.Release|Any CPU.Build.0 = Release|Any CPU
		{0D2520F3-1080-4BC1-A063-1383B0BFFCD8}.Debug|Any CPU.ActiveCfg = Debug|Any CPU
		{0D2520F3-1080-4BC1-A063-1383B0BFFCD8}.Debug|Any CPU.Build.0 = Debug|Any CPU
		{0D2520F3-1080-4BC1-A063-1383B0BFFCD8}.Release|Any CPU.ActiveCfg = Release|Any CPU
		{0D2520F3-1080-4BC1-A063-1383B0BFFCD8}.Release|Any CPU.Build.0 = Release|Any CPU
		{BB33AB4F-B835-41A3-B30D-8DAB255BEAAC}.Debug|Any CPU.ActiveCfg = Debug|Any CPU
		{BB33AB4F-B835-41A3-B30D-8DAB255BEAAC}.Debug|Any CPU.Build.0 = Debug|Any CPU
		{BB33AB4F-B835-41A3-B30D-8DAB255BEAAC}.Release|Any CPU.ActiveCfg = Release|Any CPU
		{BB33AB4F-B835-41A3-B30D-8DAB255BEAAC}.Release|Any CPU.Build.0 = Release|Any CPU
		{644DFFA9-FBBF-45FD-A375-B40E591CCA7C}.Debug|Any CPU.ActiveCfg = Debug|Any CPU
		{644DFFA9-FBBF-45FD-A375-B40E591CCA7C}.Debug|Any CPU.Build.0 = Debug|Any CPU
		{644DFFA9-FBBF-45FD-A375-B40E591CCA7C}.Release|Any CPU.ActiveCfg = Release|Any CPU
		{644DFFA9-FBBF-45FD-A375-B40E591CCA7C}.Release|Any CPU.Build.0 = Release|Any CPU
	EndGlobalSection
	GlobalSection(NestedProjects) = preSolution
		{C752D018-206B-4558-843F-47E99D42F279} = {7CBAD1C6-3B47-4F91-AA7D-2E8F17DC7FCF}
		{4BFEF308-8267-4AC2-ADA5-D2B590AAE980} = {7CBAD1C6-3B47-4F91-AA7D-2E8F17DC7FCF}
		{14E65510-1C1D-4B78-88D4-78E3910943F8} = {7CBAD1C6-3B47-4F91-AA7D-2E8F17DC7FCF}
		{CE0F6B50-238E-4156-A80B-42A2FE523872} = {4BFEF308-8267-4AC2-ADA5-D2B590AAE980}
		{1358D5FB-14F2-4983-8C1D-56A076D39270} = {4BFEF308-8267-4AC2-ADA5-D2B590AAE980}
		{572BBC53-9CCC-476C-98CF-B75A072A80B5} = {4BFEF308-8267-4AC2-ADA5-D2B590AAE980}
		{0120289A-BED4-4CBE-AE0C-85733BD63407} = {4BFEF308-8267-4AC2-ADA5-D2B590AAE980}
		{5728DDC4-9DF2-4B49-A461-4414BAF99D22} = {4BFEF308-8267-4AC2-ADA5-D2B590AAE980}
		{0E3ED1E1-8469-484D-87D9-E4A676AB0F7C} = {4BFEF308-8267-4AC2-ADA5-D2B590AAE980}
		{8F136175-8F99-4DBE-A93C-165AF1F7A384} = {6F287DE9-7D4E-4F61-845E-B6E4E00ACC0E}
		{EEA42D87-BB4F-4187-BDD5-B8E6772A1B4F} = {6F287DE9-7D4E-4F61-845E-B6E4E00ACC0E}
		{780A0F82-F7F9-4BF0-977D-47E5C52FAA73} = {CE0F6B50-238E-4156-A80B-42A2FE523872}
		{56A6C165-B868-4805-AF24-6FFA791C2F66} = {CE0F6B50-238E-4156-A80B-42A2FE523872}
		{F19ECEA5-BBC8-4341-9483-A80049FD74C2} = {CE0F6B50-238E-4156-A80B-42A2FE523872}
		{CE188EEB-CCCA-4578-A6CE-4FC3992FC2CA} = {CE0F6B50-238E-4156-A80B-42A2FE523872}
		{F1CFCFA7-D011-4AD9-A5AA-8AA6CB914DD6} = {0120289A-BED4-4CBE-AE0C-85733BD63407}
		{7B0374D1-6069-4B6E-A15A-AEE54EEA3385} = {0120289A-BED4-4CBE-AE0C-85733BD63407}
		{3C989D0A-C09B-463C-855F-603C7E57610B} = {0120289A-BED4-4CBE-AE0C-85733BD63407}
		{314EC4CB-7AC6-4F3E-8712-EC0B2B70EA92} = {0120289A-BED4-4CBE-AE0C-85733BD63407}
		{209B312C-7CDC-4DD8-BA59-34DA99FCA3DC} = {0E3ED1E1-8469-484D-87D9-E4A676AB0F7C}
		{672DD909-3492-4233-8EB5-07F5505EDDB7} = {0E3ED1E1-8469-484D-87D9-E4A676AB0F7C}
		{FB589198-0CA7-4715-BCF1-870BE1329F6F} = {0E3ED1E1-8469-484D-87D9-E4A676AB0F7C}
		{7C3E4E5B-BFB4-4D42-8F95-CD3F5D22350B} = {C752D018-206B-4558-843F-47E99D42F279}
		{920B164E-A37A-41E2-B3D3-89B60F38F067} = {14E65510-1C1D-4B78-88D4-78E3910943F8}
		{9F0C660C-EA73-4DB1-B0A0-9B4E60FB94C0} = {14E65510-1C1D-4B78-88D4-78E3910943F8}
		{AF437EB7-2967-4AFF-92F0-5993C0DE1136} = {14E65510-1C1D-4B78-88D4-78E3910943F8}
		{224A4D7D-41B3-47A8-ADA2-763BA21AB61E} = {1358D5FB-14F2-4983-8C1D-56A076D39270}
		{CD337AD4-8E58-4BD2-8FCD-F3C18A3B8E9E} = {1358D5FB-14F2-4983-8C1D-56A076D39270}
		{CBD5948C-09F1-41C9-AEC4-A6F29723EADB} = {1358D5FB-14F2-4983-8C1D-56A076D39270}
		{E8606F1E-BCD8-4AC7-8E60-92411FADD355} = {1358D5FB-14F2-4983-8C1D-56A076D39270}
		{436B1978-17B3-477D-ADD4-A95CB5F8E656} = {5728DDC4-9DF2-4B49-A461-4414BAF99D22}
		{174BC17D-ABBA-4C91-A5BF-37800B16EEC9} = {5728DDC4-9DF2-4B49-A461-4414BAF99D22}
		{C8DA85F0-4665-4213-B5F8-0741FD25E0F8} = {572BBC53-9CCC-476C-98CF-B75A072A80B5}
		{02421F46-D351-4974-B5EE-3C8CDE19E7B1} = {572BBC53-9CCC-476C-98CF-B75A072A80B5}
		{0D2520F3-1080-4BC1-A063-1383B0BFFCD8} = {572BBC53-9CCC-476C-98CF-B75A072A80B5}
		{BB33AB4F-B835-41A3-B30D-8DAB255BEAAC} = {572BBC53-9CCC-476C-98CF-B75A072A80B5}
		{1B393E41-2597-4EAF-BACD-E3B1F998A300} = {1D071231-79AD-44F6-92A0-8BEB7B11C5AC}
		{7FBE9F6E-71B1-4C9B-A925-A9CD5E283DC8} = {1D071231-79AD-44F6-92A0-8BEB7B11C5AC}
		{4434F8F5-F703-47ED-9951-3AF2A7E6F55E} = {1D071231-79AD-44F6-92A0-8BEB7B11C5AC}
		{9D045500-A2C1-4CA2-8810-300A5D759165} = {1D071231-79AD-44F6-92A0-8BEB7B11C5AC}
		{644DFFA9-FBBF-45FD-A375-B40E591CCA7C} = {EEA42D87-BB4F-4187-BDD5-B8E6772A1B4F}
	EndGlobalSection
EndGlobal
